
Microsoft Visual Studio Solution File, Format Version 12.00
# Visual Studio Version 17
VisualStudioVersion = 17.8.34309.116
MinimumVisualStudioVersion = 10.0.40219.1
Project("{FAE04EC0-301F-11D3-BF4B-00C04F79EFBC}") = "OpenXMLWrite", "OpenXMLWrite\OpenXMLWrite.csproj", "{430B85EC-5124-44AC-BB88-96D3B4B638F5}"
EndProject
Global
	GlobalSection(SolutionConfigurationPlatforms) = preSolution
		Debug|Any CPU = Debug|Any CPU
		Release|Any CPU = Release|Any CPU
	EndGlobalSection
	GlobalSection(ProjectConfigurationPlatforms) = postSolution
		{430B85EC-5124-44AC-BB88-96D3B4B638F5}.Debug|Any CPU.ActiveCfg = Debug|Any CPU
		{430B85EC-5124-44AC-BB88-96D3B4B638F5}.Debug|Any CPU.Build.0 = Debug|Any CPU
		{430B85EC-5124-44AC-BB88-96D3B4B638F5}.Release|Any CPU.ActiveCfg = Release|Any CPU
		{430B85EC-5124-44AC-BB88-96D3B4B638F5}.Release|Any CPU.Build.0 = Release|Any CPU
	EndGlobalSection
	GlobalSection(SolutionProperties) = preSolution
		HideSolutionNode = FALSE
	EndGlobalSection
	GlobalSection(ExtensibilityGlobals) = postSolution
		SolutionGuid = {A504EC01-A33E-44EA-98C5-0DAAB23FE999}
	EndGlobalSection
EndGlobal
